// !$*UTF8*$!
{
	archiveVersion = 1;
	classes = {
	};
	objectVersion = 50;
	objects = {

/* Begin PBXBuildFile section */
		45184DE825F872B900B99E07 /* WakeupViewController.swift in Sources */ = {isa = PBXBuildFile; fileRef = 45184DE725F872B900B99E07 /* WakeupViewController.swift */; };
		4535159725E1552C00727FAB /* AppDelegate.swift in Sources */ = {isa = PBXBuildFile; fileRef = 4535159625E1552C00727FAB /* AppDelegate.swift */; };
		4535159925E1552C00727FAB /* SceneDelegate.swift in Sources */ = {isa = PBXBuildFile; fileRef = 4535159825E1552C00727FAB /* SceneDelegate.swift */; };
		4535159B25E1552C00727FAB /* ViewController.swift in Sources */ = {isa = PBXBuildFile; fileRef = 4535159A25E1552C00727FAB /* ViewController.swift */; };
		4535159E25E1552C00727FAB /* Main.storyboard in Resources */ = {isa = PBXBuildFile; fileRef = 4535159C25E1552C00727FAB /* Main.storyboard */; };
		453515A025E1552D00727FAB /* Assets.xcassets in Resources */ = {isa = PBXBuildFile; fileRef = 4535159F25E1552D00727FAB /* Assets.xcassets */; };
		453515A325E1552D00727FAB /* LaunchScreen.storyboard in Resources */ = {isa = PBXBuildFile; fileRef = 453515A125E1552D00727FAB /* LaunchScreen.storyboard */; };
		45D0302D25E1F0CF00C98A40 /* CurrentTime.swift in Sources */ = {isa = PBXBuildFile; fileRef = 45D0302B25E1F0CF00C98A40 /* CurrentTime.swift */; };
		45D0302E25E1F0CF00C98A40 /* Alarm.swift in Sources */ = {isa = PBXBuildFile; fileRef = 45D0302C25E1F0CF00C98A40 /* Alarm.swift */; };
		45D0303225E1F0D900C98A40 /* SetViewController.swift in Sources */ = {isa = PBXBuildFile; fileRef = 45D0303025E1F0D900C98A40 /* SetViewController.swift */; };
		45D0303325E1F0D900C98A40 /* WakeupTimeViewController.swift in Sources */ = {isa = PBXBuildFile; fileRef = 45D0303125E1F0D900C98A40 /* WakeupTimeViewController.swift */; };
		45D0309F25EE5A4400C98A40 /* dog.mp3 in Resources */ = {isa = PBXBuildFile; fileRef = 45D0309E25EE5A4400C98A40 /* dog.mp3 */; };
/* End PBXBuildFile section */

/* Begin PBXFileReference section */
		45184DE725F872B900B99E07 /* WakeupViewController.swift */ = {isa = PBXFileReference; lastKnownFileType = sourcecode.swift; path = WakeupViewController.swift; sourceTree = "<group>"; };
		4535159325E1552C00727FAB /* AlarmAppSwift.app */ = {isa = PBXFileReference; explicitFileType = wrapper.application; includeInIndex = 0; path = AlarmAppSwift.app; sourceTree = BUILT_PRODUCTS_DIR; };
		4535159625E1552C00727FAB /* AppDelegate.swift */ = {isa = PBXFileReference; lastKnownFileType = sourcecode.swift; path = AppDelegate.swift; sourceTree = "<group>"; };
		4535159825E1552C00727FAB /* SceneDelegate.swift */ = {isa = PBXFileReference; lastKnownFileType = sourcecode.swift; path = SceneDelegate.swift; sourceTree = "<group>"; };
		4535159A25E1552C00727FAB /* ViewController.swift */ = {isa = PBXFileReference; lastKnownFileType = sourcecode.swift; path = ViewController.swift; sourceTree = "<group>"; };
		4535159D25E1552C00727FAB /* Base */ = {isa = PBXFileReference; lastKnownFileType = file.storyboard; name = Base; path = Base.lproj/Main.storyboard; sourceTree = "<group>"; };
		4535159F25E1552D00727FAB /* Assets.xcassets */ = {isa = PBXFileReference; lastKnownFileType = folder.assetcatalog; path = Assets.xcassets; sourceTree = "<group>"; };
		453515A225E1552D00727FAB /* Base */ = {isa = PBXFileReference; lastKnownFileType = file.storyboard; name = Base; path = Base.lproj/LaunchScreen.storyboard; sourceTree = "<group>"; };
		453515A425E1552D00727FAB /* Info.plist */ = {isa = PBXFileReference; lastKnownFileType = text.plist.xml; path = Info.plist; sourceTree = "<group>"; };
		45D0302B25E1F0CF00C98A40 /* CurrentTime.swift */ = {isa = PBXFileReference; fileEncoding = 4; lastKnownFileType = sourcecode.swift; path = CurrentTime.swift; sourceTree = "<group>"; };
		45D0302C25E1F0CF00C98A40 /* Alarm.swift */ = {isa = PBXFileReference; fileEncoding = 4; lastKnownFileType = sourcecode.swift; path = Alarm.swift; sourceTree = "<group>"; };
		45D0303025E1F0D900C98A40 /* SetViewController.swift */ = {isa = PBXFileReference; fileEncoding = 4; lastKnownFileType = sourcecode.swift; path = SetViewController.swift; sourceTree = "<group>"; };
		45D0303125E1F0D900C98A40 /* WakeupTimeViewController.swift */ = {isa = PBXFileReference; fileEncoding = 4; lastKnownFileType = sourcecode.swift; path = WakeupTimeViewController.swift; sourceTree = "<group>"; };
		45D0309E25EE5A4400C98A40 /* dog.mp3 */ = {isa = PBXFileReference; lastKnownFileType = audio.mp3; path = dog.mp3; sourceTree = "<group>"; };
/* End PBXFileReference section */

/* Begin PBXFrameworksBuildPhase section */
		4535159025E1552C00727FAB /* Frameworks */ = {
			isa = PBXFrameworksBuildPhase;
			buildActionMask = 2147483647;
			files = (
			);
			runOnlyForDeploymentPostprocessing = 0;
		};
/* End PBXFrameworksBuildPhase section */

/* Begin PBXGroup section */
		4535158A25E1552C00727FAB = {
			isa = PBXGroup;
			children = (
				4535159525E1552C00727FAB /* AlarmAppSwift */,
				4535159425E1552C00727FAB /* Products */,
			);
			sourceTree = "<group>";
		};
		4535159425E1552C00727FAB /* Products */ = {
			isa = PBXGroup;
			children = (
				4535159325E1552C00727FAB /* AlarmAppSwift.app */,
			);
			name = Products;
			sourceTree = "<group>";
		};
		4535159525E1552C00727FAB /* AlarmAppSwift */ = {
			isa = PBXGroup;
			children = (
				45D0302F25E1F0D900C98A40 /* Controller */,
				45D0302A25E1F0CF00C98A40 /* Model */,
				4535159625E1552C00727FAB /* AppDelegate.swift */,
				4535159825E1552C00727FAB /* SceneDelegate.swift */,
				4535159A25E1552C00727FAB /* ViewController.swift */,
				4535159C25E1552C00727FAB /* Main.storyboard */,
				4535159F25E1552D00727FAB /* Assets.xcassets */,
				453515A125E1552D00727FAB /* LaunchScreen.storyboard */,
				453515A425E1552D00727FAB /* Info.plist */,
				45D0309E25EE5A4400C98A40 /* dog.mp3 */,
			);
			path = AlarmAppSwift;
			sourceTree = "<group>";
		};
		45D0302A25E1F0CF00C98A40 /* Model */ = {
			isa = PBXGroup;
			children = (
				45D0302B25E1F0CF00C98A40 /* CurrentTime.swift */,
				45D0302C25E1F0CF00C98A40 /* Alarm.swift */,
			);
			path = Model;
			sourceTree = "<group>";
		};
		45D0302F25E1F0D900C98A40 /* Controller */ = {
			isa = PBXGroup;
			children = (
				45D0303025E1F0D900C98A40 /* SetViewController.swift */,
				45D0303125E1F0D900C98A40 /* WakeupTimeViewController.swift */,
				45184DE725F872B900B99E07 /* WakeupViewController.swift */,
			);
			path = Controller;
			sourceTree = "<group>";
		};
/* End PBXGroup section */

/* Begin PBXNativeTarget section */
		4535159225E1552C00727FAB /* AlarmAppSwift */ = {
			isa = PBXNativeTarget;
			buildConfigurationList = 453515A725E1552D00727FAB /* Build configuration list for PBXNativeTarget "AlarmAppSwift" */;
			buildPhases = (
				4535158F25E1552C00727FAB /* Sources */,
				4535159025E1552C00727FAB /* Frameworks */,
				4535159125E1552C00727FAB /* Resources */,
			);
			buildRules = (
			);
			dependencies = (
			);
			name = AlarmAppSwift;
			productName = AlarmAppSwift;
			productReference = 4535159325E1552C00727FAB /* AlarmAppSwift.app */;
			productType = "com.apple.product-type.application";
		};
/* End PBXNativeTarget section */

/* Begin PBXProject section */
		4535158B25E1552C00727FAB /* Project object */ = {
			isa = PBXProject;
			attributes = {
				LastSwiftUpdateCheck = 1250;
				LastUpgradeCheck = 1250;
				TargetAttributes = {
					4535159225E1552C00727FAB = {
						CreatedOnToolsVersion = 12.5;
					};
				};
			};
			buildConfigurationList = 4535158E25E1552C00727FAB /* Build configuration list for PBXProject "AlarmAppSwift" */;
			compatibilityVersion = "Xcode 9.3";
			developmentRegion = en;
			hasScannedForEncodings = 0;
			knownRegions = (
				en,
				Base,
			);
			mainGroup = 4535158A25E1552C00727FAB;
			productRefGroup = 4535159425E1552C00727FAB /* Products */;
			projectDirPath = "";
			projectRoot = "";
			targets = (
				4535159225E1552C00727FAB /* AlarmAppSwift */,
			);
		};
/* End PBXProject section */

/* Begin PBXResourcesBuildPhase section */
		4535159125E1552C00727FAB /* Resources */ = {
			isa = PBXResourcesBuildPhase;
			buildActionMask = 2147483647;
			files = (
				453515A325E1552D00727FAB /* LaunchScreen.storyboard in Resources */,
				45D0309F25EE5A4400C98A40 /* dog.mp3 in Resources */,
				453515A025E1552D00727FAB /* Assets.xcassets in Resources */,
				4535159E25E1552C00727FAB /* Main.storyboard in Resources */,
			);
			runOnlyForDeploymentPostprocessing = 0;
		};
/* End PBXResourcesBuildPhase section */

/* Begin PBXSourcesBuildPhase section */
		4535158F25E1552C00727FAB /* Sources */ = {
			isa = PBXSourcesBuildPhase;
			buildActionMask = 2147483647;
			files = (
				4535159B25E1552C00727FAB /* ViewController.swift in Sources */,
				45184DE825F872B900B99E07 /* WakeupViewController.swift in Sources */,
				45D0303225E1F0D900C98A40 /* SetViewController.swift in Sources */,
				4535159725E1552C00727FAB /* AppDelegate.swift in Sources */,
				45D0302E25E1F0CF00C98A40 /* Alarm.swift in Sources */,
				45D0303325E1F0D900C98A40 /* WakeupTimeViewController.swift in Sources */,
				45D0302D25E1F0CF00C98A40 /* CurrentTime.swift in Sources */,
				4535159925E1552C00727FAB /* SceneDelegate.swift in Sources */,
			);
			runOnlyForDeploymentPostprocessing = 0;
		};
/* End PBXSourcesBuildPhase section */

/* Begin PBXVariantGroup section */
		4535159C25E1552C00727FAB /* Main.storyboard */ = {
			isa = PBXVariantGroup;
			children = (
				4535159D25E1552C00727FAB /* Base */,
			);
			name = Main.storyboard;
			sourceTree = "<group>";
		};
		453515A125E1552D00727FAB /* LaunchScreen.storyboard */ = {
			isa = PBXVariantGroup;
			children = (
				453515A225E1552D00727FAB /* Base */,
			);
			name = LaunchScreen.storyboard;
			sourceTree = "<group>";
		};
/* End PBXVariantGroup section */

/* Begin XCBuildConfiguration section */
		453515A525E1552D00727FAB /* Debug */ = {
			isa = XCBuildConfiguration;
			buildSettings = {
				ALWAYS_SEARCH_USER_PATHS = NO;
				CLANG_ANALYZER_NONNULL = YES;
				CLANG_ANALYZER_NUMBER_OBJECT_CONVERSION = YES_AGGRESSIVE;
				CLANG_CXX_LANGUAGE_STANDARD = "gnu++14";
				CLANG_CXX_LIBRARY = "libc++";
				CLANG_ENABLE_MODULES = YES;
				CLANG_ENABLE_OBJC_ARC = YES;
				CLANG_ENABLE_OBJC_WEAK = YES;
				CLANG_WARN_BLOCK_CAPTURE_AUTORELEASING = YES;
				CLANG_WARN_BOOL_CONVERSION = YES;
				CLANG_WARN_COMMA = YES;
				CLANG_WARN_CONSTANT_CONVERSION = YES;
				CLANG_WARN_DEPRECATED_OBJC_IMPLEMENTATIONS = YES;
				CLANG_WARN_DIRECT_OBJC_ISA_USAGE = YES_ERROR;
				CLANG_WARN_DOCUMENTATION_COMMENTS = YES;
				CLANG_WARN_EMPTY_BODY = YES;
				CLANG_WARN_ENUM_CONVERSION = YES;
				CLANG_WARN_INFINITE_RECURSION = YES;
				CLANG_WARN_INT_CONVERSION = YES;
				CLANG_WARN_NON_LITERAL_NULL_CONVERSION = YES;
				CLANG_WARN_OBJC_IMPLICIT_RETAIN_SELF = YES;
				CLANG_WARN_OBJC_LITERAL_CONVERSION = YES;
				CLANG_WARN_OBJC_ROOT_CLASS = YES_ERROR;
				CLANG_WARN_QUOTED_INCLUDE_IN_FRAMEWORK_HEADER = YES;
				CLANG_WARN_RANGE_LOOP_ANALYSIS = YES;
				CLANG_WARN_STRICT_PROTOTYPES = YES;
				CLANG_WARN_SUSPICIOUS_MOVE = YES;
				CLANG_WARN_UNGUARDED_AVAILABILITY = YES_AGGRESSIVE;
				CLANG_WARN_UNREACHABLE_CODE = YES;
				CLANG_WARN__DUPLICATE_METHOD_MATCH = YES;
				COPY_PHASE_STRIP = NO;
				DEBUG_INFORMATION_FORMAT = dwarf;
				ENABLE_STRICT_OBJC_MSGSEND = YES;
				ENABLE_TESTABILITY = YES;
				GCC_C_LANGUAGE_STANDARD = gnu11;
				GCC_DYNAMIC_NO_PIC = NO;
				GCC_NO_COMMON_BLOCKS = YES;
				GCC_OPTIMIZATION_LEVEL = 0;
				GCC_PREPROCESSOR_DEFINITIONS = (
					"DEBUG=1",
					"$(inherited)",
				);
				GCC_WARN_64_TO_32_BIT_CONVERSION = YES;
				GCC_WARN_ABOUT_RETURN_TYPE = YES_ERROR;
				GCC_WARN_UNDECLARED_SELECTOR = YES;
				GCC_WARN_UNINITIALIZED_AUTOS = YES_AGGRESSIVE;
				GCC_WARN_UNUSED_FUNCTION = YES;
				GCC_WARN_UNUSED_VARIABLE = YES;
				IPHONEOS_DEPLOYMENT_TARGET = 14.3;
				MTL_ENABLE_DEBUG_INFO = INCLUDE_SOURCE;
				MTL_FAST_MATH = YES;
				ONLY_ACTIVE_ARCH = YES;
				SDKROOT = iphoneos;
				SWIFT_ACTIVE_COMPILATION_CONDITIONS = DEBUG;
				SWIFT_OPTIMIZATION_LEVEL = "-Onone";
			};
			name = Debug;
		};
		453515A625E1552D00727FAB /* Release */ = {
			isa = XCBuildConfiguration;
			buildSettings = {
				ALWAYS_SEARCH_USER_PATHS = NO;
				CLANG_ANALYZER_NONNULL = YES;
				CLANG_ANALYZER_NUMBER_OBJECT_CONVERSION = YES_AGGRESSIVE;
				CLANG_CXX_LANGUAGE_STANDARD = "gnu++14";
				CLANG_CXX_LIBRARY = "libc++";
				CLANG_ENABLE_MODULES = YES;
				CLANG_ENABLE_OBJC_ARC = YES;
				CLANG_ENABLE_OBJC_WEAK = YES;
				CLANG_WARN_BLOCK_CAPTURE_AUTORELEASING = YES;
				CLANG_WARN_BOOL_CONVERSION = YES;
				CLANG_WARN_COMMA = YES;
				CLANG_WARN_CONSTANT_CONVERSION = YES;
				CLANG_WARN_DEPRECATED_OBJC_IMPLEMENTATIONS = YES;
				CLANG_WARN_DIRECT_OBJC_ISA_USAGE = YES_ERROR;
				CLANG_WARN_DOCUMENTATION_COMMENTS = YES;
				CLANG_WARN_EMPTY_BODY = YES;
				CLANG_WARN_ENUM_CONVERSION = YES;
				CLANG_WARN_INFINITE_RECURSION = YES;
				CLANG_WARN_INT_CONVERSION = YES;
				CLANG_WARN_NON_LITERAL_NULL_CONVERSION = YES;
				CLANG_WARN_OBJC_IMPLICIT_RETAIN_SELF = YES;
				CLANG_WARN_OBJC_LITERAL_CONVERSION = YES;
				CLANG_WARN_OBJC_ROOT_CLASS = YES_ERROR;
				CLANG_WARN_QUOTED_INCLUDE_IN_FRAMEWORK_HEADER = YES;
				CLANG_WARN_RANGE_LOOP_ANALYSIS = YES;
				CLANG_WARN_STRICT_PROTOTYPES = YES;
				CLANG_WARN_SUSPICIOUS_MOVE = YES;
				CLANG_WARN_UNGUARDED_AVAILABILITY = YES_AGGRESSIVE;
				CLANG_WARN_UNREACHABLE_CODE = YES;
				CLANG_WARN__DUPLICATE_METHOD_MATCH = YES;
				COPY_PHASE_STRIP = NO;
				DEBUG_INFORMATION_FORMAT = "dwarf-with-dsym";
				ENABLE_NS_ASSERTIONS = NO;
				ENABLE_STRICT_OBJC_MSGSEND = YES;
				GCC_C_LANGUAGE_STANDARD = gnu11;
				GCC_NO_COMMON_BLOCKS = YES;
				GCC_WARN_64_TO_32_BIT_CONVERSION = YES;
				GCC_WARN_ABOUT_RETURN_TYPE = YES_ERROR;
				GCC_WARN_UNDECLARED_SELECTOR = YES;
				GCC_WARN_UNINITIALIZED_AUTOS = YES_AGGRESSIVE;
				GCC_WARN_UNUSED_FUNCTION = YES;
				GCC_WARN_UNUSED_VARIABLE = YES;
				IPHONEOS_DEPLOYMENT_TARGET = 14.3;
				MTL_ENABLE_DEBUG_INFO = NO;
				MTL_FAST_MATH = YES;
				SDKROOT = iphoneos;
				SWIFT_COMPILATION_MODE = wholemodule;
				SWIFT_OPTIMIZATION_LEVEL = "-O";
				VALIDATE_PRODUCT = YES;
			};
			name = Release;
		};
		453515A825E1552D00727FAB /* Debug */ = {
			isa = XCBuildConfiguration;
			buildSettings = {
				ASSETCATALOG_COMPILER_APPICON_NAME = AppIcon;
				ASSETCATALOG_COMPILER_GLOBAL_ACCENT_COLOR_NAME = AccentColor;
				CODE_SIGN_STYLE = Automatic;
				DEVELOPMENT_TEAM = Q7MH4RDBLV;
				INFOPLIST_FILE = AlarmAppSwift/Info.plist;
				LD_RUNPATH_SEARCH_PATHS = (
					"$(inherited)",
					"@executable_path/Frameworks",
				);
				PRODUCT_BUNDLE_IDENTIFIER = HIRO.AlarmAppSwift;
				PRODUCT_NAME = "$(TARGET_NAME)";
				SWIFT_VERSION = 5.0;
				TARGETED_DEVICE_FAMILY = "1,2";
			};
			name = Debug;
		};
		453515A925E1552D00727FAB /* Release */ = {
			isa = XCBuildConfiguration;
			buildSettings = {
				ASSETCATALOG_COMPILER_APPICON_NAME = AppIcon;
				ASSETCATALOG_COMPILER_GLOBAL_ACCENT_COLOR_NAME = AccentColor;
				CODE_SIGN_STYLE = Automatic;
				DEVELOPMENT_TEAM = Q7MH4RDBLV;
				INFOPLIST_FILE = AlarmAppSwift/Info.plist;
				LD_RUNPATH_SEARCH_PATHS = (
					"$(inherited)",
					"@executable_path/Frameworks",
				);
				PRODUCT_BUNDLE_IDENTIFIER = HIRO.AlarmAppSwift;
				PRODUCT_NAME = "$(TARGET_NAME)";
				SWIFT_VERSION = 5.0;
				TARGETED_DEVICE_FAMILY = "1,2";
			};
			name = Release;
		};
/* End XCBuildConfiguration section */

/* Begin XCConfigurationList section */
		4535158E25E1552C00727FAB /* Build configuration list for PBXProject "AlarmAppSwift" */ = {
			isa = XCConfigurationList;
			buildConfigurations = (
				453515A525E1552D00727FAB /* Debug */,
				453515A625E1552D00727FAB /* Release */,
			);
			defaultConfigurationIsVisible = 0;
			defaultConfigurationName = Release;
		};
		453515A725E1552D00727FAB /* Build configuration list for PBXNativeTarget "AlarmAppSwift" */ = {
			isa = XCConfigurationList;
			buildConfigurations = (
				453515A825E1552D00727FAB /* Debug */,
				453515A925E1552D00727FAB /* Release */,
			);
			defaultConfigurationIsVisible = 0;
			defaultConfigurationName = Release;
		};
/* End XCConfigurationList section */
	};
	rootObject = 4535158B25E1552C00727FAB /* Project object */;
}
